
Microsoft Visual Studio Solution File, Format Version 12.00
# Visual Studio 14
VisualStudioVersion = 14.0.23107.0
MinimumVisualStudioVersion = 10.0.40219.1
Project("{FAE04EC0-301F-11D3-BF4B-00C04F79EFBC}") = "Aula_2017_09_14", "Aula_2017_09_14\Aula_2017_09_14.csproj", "{27B202C2-9753-45FF-9168-7F182A3D9AE3}"
EndProject
Project("{FAE04EC0-301F-11D3-BF4B-00C04F79EFBC}") = "Aula_2017_09_18", "Aula_2017_09_18\Aula_2017_09_18.csproj", "{08885172-9603-40BC-AC27-B8B107A40F01}"
EndProject
Project("{FAE04EC0-301F-11D3-BF4B-00C04F79EFBC}") = "Exercicios1", "Exercicios1\Exercicios1.csproj", "{C381CBB7-0E97-490C-9DEA-D4E24C355391}"
EndProject
Project("{FAE04EC0-301F-11D3-BF4B-00C04F79EFBC}") = "Utils", "SynchUtils\Utils.csproj", "{64E1F09E-C0FF-469D-BCBF-29ADD1E0E89B}"
EndProject
Project("{FAE04EC0-301F-11D3-BF4B-00C04F79EFBC}") = "Aula_2017_10_12", "Aula_2017_10_12\Aula_2017_10_12.csproj", "{1EA22644-8FEF-4AE9-A2D8-C3F0E50A6B1F}"
EndProject
Project("{FAE04EC0-301F-11D3-BF4B-00C04F79EFBC}") = "Aula_2017_10_26", "Aula_2017_10_26\Aula_2017_10_26.csproj", "{36E66712-CD14-4A79-B08B-F63B2D163684}"
EndProject
Project("{FAE04EC0-301F-11D3-BF4B-00C04F79EFBC}") = "Aula_2017_10_30", "Aula_2017_10_30\Aula_2017_10_30.csproj", "{F1E13F19-C30A-4F22-A0B5-2894A3251F97}"
EndProject
Project("{FAE04EC0-301F-11D3-BF4B-00C04F79EFBC}") = "Aula_2017_11_02", "Aula_2017_11_02\Aula_2017_11_02.csproj", "{BB3CD876-FB35-4FB0-9482-B6995FD35C94}"
EndProject
Project("{FAE04EC0-301F-11D3-BF4B-00C04F79EFBC}") = "Aula_2017_11_06", "Aula_2017_11_06\Aula_2017_11_06.csproj", "{422679E6-F127-401E-B757-FE1A62053398}"
EndProject
Project("{FAE04EC0-301F-11D3-BF4B-00C04F79EFBC}") = "Aula_2017_11_13", "Aula_1017_11_13\Aula_2017_11_13.csproj", "{CDF15298-DE54-4DE3-97C3-0A740FC93CA2}"
EndProject
Project("{FAE04EC0-301F-11D3-BF4B-00C04F79EFBC}") = "Aula_2017_11_16", "Aula_2017_11_16\Aula_2017_11_16.csproj", "{483F52EC-E264-470F-B379-9E9354016BE4}"
EndProject
Project("{FAE04EC0-301F-11D3-BF4B-00C04F79EFBC}") = "ExerciciosLockFree_ExamesAntigos", "ExerciciosLockFree_ExamesAntigos\ExerciciosLockFree_ExamesAntigos.csproj", "{C615E886-DCA8-411A-8EE8-1792E1264F55}"
EndProject
Project("{FAE04EC0-301F-11D3-BF4B-00C04F79EFBC}") = "ThreadPoolMonitor", "ThreadPoolMonitor\ThreadPoolMonitor.csproj", "{441C3C60-9AA4-4A3E-806D-B3881CDA303D}"
EndProject
Project("{FAE04EC0-301F-11D3-BF4B-00C04F79EFBC}") = "Aula_2017_11_20", "Aula_2017_11_20\Aula_2017_11_20.csproj", "{104A2FFC-84A7-473E-ACC5-391ECB88EEF1}"
EndProject
Project("{FAE04EC0-301F-11D3-BF4B-00C04F79EFBC}") = "Aula_2017_11_23", "Aula_2017_11_23\Aula_2017_11_23.csproj", "{5388E9D2-08B6-4976-8DED-925E3D0ABE47}"
EndProject
Project("{FAE04EC0-301F-11D3-BF4B-00C04F79EFBC}") = "ShowImages", "ShowImages\ShowImages.csproj", "{4724F7F6-4215-46B3-BB7B-BD274DA54583}"
EndProject
Project("{FAE04EC0-301F-11D3-BF4B-00C04F79EFBC}") = "Aula_2017_11_27", "Aula_2017_11_27\Aula_2017_11_27.csproj", "{113F78E0-B97B-4931-8026-5C8FA50009CF}"
EndProject
Project("{FAE04EC0-301F-11D3-BF4B-00C04F79EFBC}") = "Aula_2017_11_30", "Aula_2017_11_30\Aula_2017_11_30.csproj", "{B497935B-727E-4D08-A428-B311477B041F}"
EndProject
Project("{FAE04EC0-301F-11D3-BF4B-00C04F79EFBC}") = "Aula_2017_12_04", "Aula_2017_12_04\Aula_2017_12_04.csproj", "{649D32DF-F374-48FB-BEA0-E6546264EC7C}"
EndProject
Project("{FAE04EC0-301F-11D3-BF4B-00C04F79EFBC}") = "Aula_2017_12_07", "Aula_2017_12_07\Aula_2017_12_07.csproj", "{90BDE50F-5E8A-43C6-9B96-2505EE52C0C0}"
EndProject
Project("{FAE04EC0-301F-11D3-BF4B-00C04F79EFBC}") = "Aula_2017_12_11", "Aula_2017_12_11\Aula_2017_12_11.csproj", "{2AEDBCC9-D1E7-44E0-A4C8-6F45507BBD4E}"
EndProject
Project("{2150E333-8FDC-42A3-9474-1A3956D46DE8}") = "EchoServiceSync", "EchoServiceSync", "{7F91340C-1B31-4A6B-AB73-5AD81504AC56}"
EndProject
Project("{FAE04EC0-301F-11D3-BF4B-00C04F79EFBC}") = "EchoClient", "EchoClient\EchoClient.csproj", "{875D8B31-1EFE-472B-9DF9-994D7C5190A5}"
EndProject
Project("{FAE04EC0-301F-11D3-BF4B-00C04F79EFBC}") = "EchoServer", "EchoServer\EchoServer.csproj", "{A9ADBCDE-671D-4E10-8E60-CA23374A18FF}"
EndProject
Project("{2150E333-8FDC-42A3-9474-1A3956D46DE8}") = "EchoServiceAsync", "EchoServiceAsync", "{CA90AAA4-BAC2-47F6-B533-71E3659F3FC9}"
EndProject
Project("{FAE04EC0-301F-11D3-BF4B-00C04F79EFBC}") = "EchoServerAsync", "EchoServerAsync\EchoServerAsync.csproj", "{28039B11-7620-4C8B-BEDA-AED0107C3469}"
EndProject
Project("{2150E333-8FDC-42A3-9474-1A3956D46DE8}") = "Exames_exercícios_TPL_APM_TAP_Outros", "Exames_exercícios_TPL_APM_TAP_Outros", "{76734BC3-3FD5-47DD-A565-1FCF9C350C6F}"
EndProject
Project("{FAE04EC0-301F-11D3-BF4B-00C04F79EFBC}") = "I2016_2017", "Exames_Exercicios_TPL_APM_TAP\I2016_2017\I2016_2017.csproj", "{4114C87A-5EC5-46D1-B094-15E5F68C7CF8}"
EndProject
Project("{FAE04EC0-301F-11D3-BF4B-00C04F79EFBC}") = "V2015_2016", "Exames_Exercicios_TPL_APM_TAP\V2015_2016\V2015_2016.csproj", "{0C530271-6CE5-4816-83D1-27D9543221E4}"
EndProject
Project("{FAE04EC0-301F-11D3-BF4B-00C04F79EFBC}") = "I2016_2017_Ep2", "Exames_Exercicios_TPL_APM_TAP\I2016_2017-Ep2\I2016_2017_Ep2.csproj", "{897B7AFA-2D6D-40CB-80FF-F5A8C63E34BA}"
EndProject
Global
	GlobalSection(SolutionConfigurationPlatforms) = preSolution
		Debug|Any CPU = Debug|Any CPU
		Release|Any CPU = Release|Any CPU
	EndGlobalSection
	GlobalSection(ProjectConfigurationPlatforms) = postSolution
		{27B202C2-9753-45FF-9168-7F182A3D9AE3}.Debug|Any CPU.ActiveCfg = Debug|Any CPU
		{27B202C2-9753-45FF-9168-7F182A3D9AE3}.Debug|Any CPU.Build.0 = Debug|Any CPU
		{27B202C2-9753-45FF-9168-7F182A3D9AE3}.Release|Any CPU.ActiveCfg = Release|Any CPU
		{27B202C2-9753-45FF-9168-7F182A3D9AE3}.Release|Any CPU.Build.0 = Release|Any CPU
		{08885172-9603-40BC-AC27-B8B107A40F01}.Debug|Any CPU.ActiveCfg = Debug|Any CPU
		{08885172-9603-40BC-AC27-B8B107A40F01}.Debug|Any CPU.Build.0 = Debug|Any CPU
		{08885172-9603-40BC-AC27-B8B107A40F01}.Release|Any CPU.ActiveCfg = Release|Any CPU
		{08885172-9603-40BC-AC27-B8B107A40F01}.Release|Any CPU.Build.0 = Release|Any CPU
		{C381CBB7-0E97-490C-9DEA-D4E24C355391}.Debug|Any CPU.ActiveCfg = Debug|Any CPU
		{C381CBB7-0E97-490C-9DEA-D4E24C355391}.Debug|Any CPU.Build.0 = Debug|Any CPU
		{C381CBB7-0E97-490C-9DEA-D4E24C355391}.Release|Any CPU.ActiveCfg = Release|Any CPU
		{C381CBB7-0E97-490C-9DEA-D4E24C355391}.Release|Any CPU.Build.0 = Release|Any CPU
		{64E1F09E-C0FF-469D-BCBF-29ADD1E0E89B}.Debug|Any CPU.ActiveCfg = Debug|Any CPU
		{64E1F09E-C0FF-469D-BCBF-29ADD1E0E89B}.Debug|Any CPU.Build.0 = Debug|Any CPU
		{64E1F09E-C0FF-469D-BCBF-29ADD1E0E89B}.Release|Any CPU.ActiveCfg = Release|Any CPU
		{64E1F09E-C0FF-469D-BCBF-29ADD1E0E89B}.Release|Any CPU.Build.0 = Release|Any CPU
		{1EA22644-8FEF-4AE9-A2D8-C3F0E50A6B1F}.Debug|Any CPU.ActiveCfg = Debug|Any CPU
		{1EA22644-8FEF-4AE9-A2D8-C3F0E50A6B1F}.Debug|Any CPU.Build.0 = Debug|Any CPU
		{1EA22644-8FEF-4AE9-A2D8-C3F0E50A6B1F}.Release|Any CPU.ActiveCfg = Release|Any CPU
		{1EA22644-8FEF-4AE9-A2D8-C3F0E50A6B1F}.Release|Any CPU.Build.0 = Release|Any CPU
		{36E66712-CD14-4A79-B08B-F63B2D163684}.Debug|Any CPU.ActiveCfg = Debug|Any CPU
		{36E66712-CD14-4A79-B08B-F63B2D163684}.Debug|Any CPU.Build.0 = Debug|Any CPU
		{36E66712-CD14-4A79-B08B-F63B2D163684}.Release|Any CPU.ActiveCfg = Release|Any CPU
		{36E66712-CD14-4A79-B08B-F63B2D163684}.Release|Any CPU.Build.0 = Release|Any CPU
		{F1E13F19-C30A-4F22-A0B5-2894A3251F97}.Debug|Any CPU.ActiveCfg = Release|Any CPU
		{F1E13F19-C30A-4F22-A0B5-2894A3251F97}.Debug|Any CPU.Build.0 = Release|Any CPU
		{F1E13F19-C30A-4F22-A0B5-2894A3251F97}.Release|Any CPU.ActiveCfg = Release|Any CPU
		{F1E13F19-C30A-4F22-A0B5-2894A3251F97}.Release|Any CPU.Build.0 = Release|Any CPU
		{BB3CD876-FB35-4FB0-9482-B6995FD35C94}.Debug|Any CPU.ActiveCfg = Debug|Any CPU
		{BB3CD876-FB35-4FB0-9482-B6995FD35C94}.Debug|Any CPU.Build.0 = Debug|Any CPU
		{BB3CD876-FB35-4FB0-9482-B6995FD35C94}.Release|Any CPU.ActiveCfg = Release|Any CPU
		{BB3CD876-FB35-4FB0-9482-B6995FD35C94}.Release|Any CPU.Build.0 = Release|Any CPU
		{422679E6-F127-401E-B757-FE1A62053398}.Debug|Any CPU.ActiveCfg = Debug|Any CPU
		{422679E6-F127-401E-B757-FE1A62053398}.Debug|Any CPU.Build.0 = Debug|Any CPU
		{422679E6-F127-401E-B757-FE1A62053398}.Release|Any CPU.ActiveCfg = Release|Any CPU
		{422679E6-F127-401E-B757-FE1A62053398}.Release|Any CPU.Build.0 = Release|Any CPU
		{CDF15298-DE54-4DE3-97C3-0A740FC93CA2}.Debug|Any CPU.ActiveCfg = Debug|Any CPU
		{CDF15298-DE54-4DE3-97C3-0A740FC93CA2}.Debug|Any CPU.Build.0 = Debug|Any CPU
		{CDF15298-DE54-4DE3-97C3-0A740FC93CA2}.Release|Any CPU.ActiveCfg = Release|Any CPU
		{CDF15298-DE54-4DE3-97C3-0A740FC93CA2}.Release|Any CPU.Build.0 = Release|Any CPU
		{483F52EC-E264-470F-B379-9E9354016BE4}.Debug|Any CPU.ActiveCfg = Debug|Any CPU
		{483F52EC-E264-470F-B379-9E9354016BE4}.Debug|Any CPU.Build.0 = Debug|Any CPU
		{483F52EC-E264-470F-B379-9E9354016BE4}.Release|Any CPU.ActiveCfg = Release|Any CPU
		{483F52EC-E264-470F-B379-9E9354016BE4}.Release|Any CPU.Build.0 = Release|Any CPU
		{C615E886-DCA8-411A-8EE8-1792E1264F55}.Debug|Any CPU.ActiveCfg = Debug|Any CPU
		{C615E886-DCA8-411A-8EE8-1792E1264F55}.Debug|Any CPU.Build.0 = Debug|Any CPU
		{C615E886-DCA8-411A-8EE8-1792E1264F55}.Release|Any CPU.ActiveCfg = Release|Any CPU
		{C615E886-DCA8-411A-8EE8-1792E1264F55}.Release|Any CPU.Build.0 = Release|Any CPU
		{441C3C60-9AA4-4A3E-806D-B3881CDA303D}.Debug|Any CPU.ActiveCfg = Debug|Any CPU
		{441C3C60-9AA4-4A3E-806D-B3881CDA303D}.Debug|Any CPU.Build.0 = Debug|Any CPU
		{441C3C60-9AA4-4A3E-806D-B3881CDA303D}.Release|Any CPU.ActiveCfg = Release|Any CPU
		{441C3C60-9AA4-4A3E-806D-B3881CDA303D}.Release|Any CPU.Build.0 = Release|Any CPU
		{104A2FFC-84A7-473E-ACC5-391ECB88EEF1}.Debug|Any CPU.ActiveCfg = Debug|Any CPU
		{104A2FFC-84A7-473E-ACC5-391ECB88EEF1}.Debug|Any CPU.Build.0 = Debug|Any CPU
		{104A2FFC-84A7-473E-ACC5-391ECB88EEF1}.Release|Any CPU.ActiveCfg = Release|Any CPU
		{104A2FFC-84A7-473E-ACC5-391ECB88EEF1}.Release|Any CPU.Build.0 = Release|Any CPU
		{5388E9D2-08B6-4976-8DED-925E3D0ABE47}.Debug|Any CPU.ActiveCfg = Debug|Any CPU
		{5388E9D2-08B6-4976-8DED-925E3D0ABE47}.Debug|Any CPU.Build.0 = Debug|Any CPU
		{5388E9D2-08B6-4976-8DED-925E3D0ABE47}.Release|Any CPU.ActiveCfg = Release|Any CPU
		{5388E9D2-08B6-4976-8DED-925E3D0ABE47}.Release|Any CPU.Build.0 = Release|Any CPU
		{4724F7F6-4215-46B3-BB7B-BD274DA54583}.Debug|Any CPU.ActiveCfg = Debug|Any CPU
		{4724F7F6-4215-46B3-BB7B-BD274DA54583}.Debug|Any CPU.Build.0 = Debug|Any CPU
		{4724F7F6-4215-46B3-BB7B-BD274DA54583}.Release|Any CPU.ActiveCfg = Release|Any CPU
		{4724F7F6-4215-46B3-BB7B-BD274DA54583}.Release|Any CPU.Build.0 = Release|Any CPU
		{113F78E0-B97B-4931-8026-5C8FA50009CF}.Debug|Any CPU.ActiveCfg = Debug|Any CPU
		{113F78E0-B97B-4931-8026-5C8FA50009CF}.Debug|Any CPU.Build.0 = Debug|Any CPU
		{113F78E0-B97B-4931-8026-5C8FA50009CF}.Release|Any CPU.ActiveCfg = Release|Any CPU
		{113F78E0-B97B-4931-8026-5C8FA50009CF}.Release|Any CPU.Build.0 = Release|Any CPU
		{B497935B-727E-4D08-A428-B311477B041F}.Debug|Any CPU.ActiveCfg = Debug|Any CPU
		{B497935B-727E-4D08-A428-B311477B041F}.Debug|Any CPU.Build.0 = Debug|Any CPU
		{B497935B-727E-4D08-A428-B311477B041F}.Release|Any CPU.ActiveCfg = Release|Any CPU
		{B497935B-727E-4D08-A428-B311477B041F}.Release|Any CPU.Build.0 = Release|Any CPU
		{649D32DF-F374-48FB-BEA0-E6546264EC7C}.Debug|Any CPU.ActiveCfg = Debug|Any CPU
		{649D32DF-F374-48FB-BEA0-E6546264EC7C}.Debug|Any CPU.Build.0 = Debug|Any CPU
		{649D32DF-F374-48FB-BEA0-E6546264EC7C}.Release|Any CPU.ActiveCfg = Release|Any CPU
		{649D32DF-F374-48FB-BEA0-E6546264EC7C}.Release|Any CPU.Build.0 = Release|Any CPU
		{90BDE50F-5E8A-43C6-9B96-2505EE52C0C0}.Debug|Any CPU.ActiveCfg = Debug|Any CPU
		{90BDE50F-5E8A-43C6-9B96-2505EE52C0C0}.Debug|Any CPU.Build.0 = Debug|Any CPU
		{90BDE50F-5E8A-43C6-9B96-2505EE52C0C0}.Release|Any CPU.ActiveCfg = Release|Any CPU
		{90BDE50F-5E8A-43C6-9B96-2505EE52C0C0}.Release|Any CPU.Build.0 = Release|Any CPU
		{2AEDBCC9-D1E7-44E0-A4C8-6F45507BBD4E}.Debug|Any CPU.ActiveCfg = Debug|Any CPU
		{2AEDBCC9-D1E7-44E0-A4C8-6F45507BBD4E}.Debug|Any CPU.Build.0 = Debug|Any CPU
		{2AEDBCC9-D1E7-44E0-A4C8-6F45507BBD4E}.Release|Any CPU.ActiveCfg = Release|Any CPU
		{2AEDBCC9-D1E7-44E0-A4C8-6F45507BBD4E}.Release|Any CPU.Build.0 = Release|Any CPU
		{875D8B31-1EFE-472B-9DF9-994D7C5190A5}.Debug|Any CPU.ActiveCfg = Debug|Any CPU
		{875D8B31-1EFE-472B-9DF9-994D7C5190A5}.Debug|Any CPU.Build.0 = Debug|Any CPU
		{875D8B31-1EFE-472B-9DF9-994D7C5190A5}.Release|Any CPU.ActiveCfg = Release|Any CPU
		{875D8B31-1EFE-472B-9DF9-994D7C5190A5}.Release|Any CPU.Build.0 = Release|Any CPU
		{A9ADBCDE-671D-4E10-8E60-CA23374A18FF}.Debug|Any CPU.ActiveCfg = Debug|Any CPU
		{A9ADBCDE-671D-4E10-8E60-CA23374A18FF}.Debug|Any CPU.Build.0 = Debug|Any CPU
		{A9ADBCDE-671D-4E10-8E60-CA23374A18FF}.Release|Any CPU.ActiveCfg = Release|Any CPU
		{A9ADBCDE-671D-4E10-8E60-CA23374A18FF}.Release|Any CPU.Build.0 = Release|Any CPU
		{28039B11-7620-4C8B-BEDA-AED0107C3469}.Debug|Any CPU.ActiveCfg = Debug|Any CPU
		{28039B11-7620-4C8B-BEDA-AED0107C3469}.Debug|Any CPU.Build.0 = Debug|Any CPU
		{28039B11-7620-4C8B-BEDA-AED0107C3469}.Release|Any CPU.ActiveCfg = Release|Any CPU
		{28039B11-7620-4C8B-BEDA-AED0107C3469}.Release|Any CPU.Build.0 = Release|Any CPU
		{4114C87A-5EC5-46D1-B094-15E5F68C7CF8}.Debug|Any CPU.ActiveCfg = Debug|Any CPU
		{4114C87A-5EC5-46D1-B094-15E5F68C7CF8}.Debug|Any CPU.Build.0 = Debug|Any CPU
		{4114C87A-5EC5-46D1-B094-15E5F68C7CF8}.Release|Any CPU.ActiveCfg = Release|Any CPU
		{4114C87A-5EC5-46D1-B094-15E5F68C7CF8}.Release|Any CPU.Build.0 = Release|Any CPU
		{0C530271-6CE5-4816-83D1-27D9543221E4}.Debug|Any CPU.ActiveCfg = Debug|Any CPU
		{0C530271-6CE5-4816-83D1-27D9543221E4}.Debug|Any CPU.Build.0 = Debug|Any CPU
		{0C530271-6CE5-4816-83D1-27D9543221E4}.Release|Any CPU.ActiveCfg = Release|Any CPU
		{0C530271-6CE5-4816-83D1-27D9543221E4}.Release|Any CPU.Build.0 = Release|Any CPU
		{897B7AFA-2D6D-40CB-80FF-F5A8C63E34BA}.Debug|Any CPU.ActiveCfg = Debug|Any CPU
		{897B7AFA-2D6D-40CB-80FF-F5A8C63E34BA}.Debug|Any CPU.Build.0 = Debug|Any CPU
		{897B7AFA-2D6D-40CB-80FF-F5A8C63E34BA}.Release|Any CPU.ActiveCfg = Release|Any CPU
		{897B7AFA-2D6D-40CB-80FF-F5A8C63E34BA}.Release|Any CPU.Build.0 = Release|Any CPU
	EndGlobalSection
	GlobalSection(SolutionProperties) = preSolution
		HideSolutionNode = FALSE
	EndGlobalSection
	GlobalSection(NestedProjects) = preSolution
		{875D8B31-1EFE-472B-9DF9-994D7C5190A5} = {7F91340C-1B31-4A6B-AB73-5AD81504AC56}
		{A9ADBCDE-671D-4E10-8E60-CA23374A18FF} = {7F91340C-1B31-4A6B-AB73-5AD81504AC56}
		{28039B11-7620-4C8B-BEDA-AED0107C3469} = {CA90AAA4-BAC2-47F6-B533-71E3659F3FC9}
		{4114C87A-5EC5-46D1-B094-15E5F68C7CF8} = {76734BC3-3FD5-47DD-A565-1FCF9C350C6F}
		{0C530271-6CE5-4816-83D1-27D9543221E4} = {76734BC3-3FD5-47DD-A565-1FCF9C350C6F}
		{897B7AFA-2D6D-40CB-80FF-F5A8C63E34BA} = {76734BC3-3FD5-47DD-A565-1FCF9C350C6F}
	EndGlobalSection
EndGlobal
